
Microsoft Visual Studio Solution File, Format Version 12.00
# Visual Studio 15
VisualStudioVersion = 15.0.27703.2026
MinimumVisualStudioVersion = 10.0.40219.1
Project("{FAE04EC0-301F-11D3-BF4B-00C04F79EFBC}") = "TodoTrucks", "TodoTrucks\TodoTrucks.csproj", "{947399EE-346B-4932-9449-B03469F577D9}"
EndProject
Global
	GlobalSection(SolutionConfigurationPlatforms) = preSolution
		Debug|Any CPU = Debug|Any CPU
		Release|Any CPU = Release|Any CPU
	EndGlobalSection
	GlobalSection(ProjectConfigurationPlatforms) = postSolution
		{947399EE-346B-4932-9449-B03469F577D9}.Debug|Any CPU.ActiveCfg = Debug|Any CPU
		{947399EE-346B-4932-9449-B03469F577D9}.Debug|Any CPU.Build.0 = Debug|Any CPU
		{947399EE-346B-4932-9449-B03469F577D9}.Release|Any CPU.ActiveCfg = Release|Any CPU
		{947399EE-346B-4932-9449-B03469F577D9}.Release|Any CPU.Build.0 = Release|Any CPU
	EndGlobalSection
	GlobalSection(SolutionProperties) = preSolution
		HideSolutionNode = FALSE
	EndGlobalSection
	GlobalSection(ExtensibilityGlobals) = postSolution
		SolutionGuid = {EF8E4DC4-D22B-467E-8560-8511E80A0489}
	EndGlobalSection
EndGlobal
