
Microsoft Visual Studio Solution File, Format Version 12.00
# Visual Studio 15
VisualStudioVersion = 15.0.27703.2026
MinimumVisualStudioVersion = 10.0.40219.1
Project("{FAE04EC0-301F-11D3-BF4B-00C04F79EFBC}") = "WebTodoAppVZ", "WebTodoAppVZ\WebTodoAppVZ.csproj", "{B137B531-80EC-40CE-8CD9-F559C64B9CC3}"
EndProject
Project("{2150E333-8FDC-42A3-9474-1A3956D46DE8}") = "Solution Items", "Solution Items", "{E58D503F-9F35-42F7-8897-30279E5333CF}"
	ProjectSection(SolutionItems) = preProject
		Specko.md = Specko.md
	EndProjectSection
EndProject
Global
	GlobalSection(SolutionConfigurationPlatforms) = preSolution
		Debug|Any CPU = Debug|Any CPU
		Release|Any CPU = Release|Any CPU
	EndGlobalSection
	GlobalSection(ProjectConfigurationPlatforms) = postSolution
		{B137B531-80EC-40CE-8CD9-F559C64B9CC3}.Debug|Any CPU.ActiveCfg = Debug|Any CPU
		{B137B531-80EC-40CE-8CD9-F559C64B9CC3}.Debug|Any CPU.Build.0 = Debug|Any CPU
		{B137B531-80EC-40CE-8CD9-F559C64B9CC3}.Release|Any CPU.ActiveCfg = Release|Any CPU
		{B137B531-80EC-40CE-8CD9-F559C64B9CC3}.Release|Any CPU.Build.0 = Release|Any CPU
	EndGlobalSection
	GlobalSection(SolutionProperties) = preSolution
		HideSolutionNode = FALSE
	EndGlobalSection
	GlobalSection(ExtensibilityGlobals) = postSolution
		SolutionGuid = {2757A9DE-840D-4F0E-9FA0-348C951F265F}
	EndGlobalSection
EndGlobal
